{
  "requires": true,
  "lockfileVersion": 1,
  "dependencies": {
    "@types/dompurify": {
      "version": "0.0.33",
      "resolved": "https://registry.npmjs.org/@types/dompurify/-/dompurify-0.0.33.tgz",
      "integrity": "sha512-lUN9iC6b4txeaEef2PW7zIdhEKAp0Sw9bymOcXXZ7BaepB0nsDJYcLIrFfgpIkRSoZWBJ8IcYunB2hAXuHL1NA=="
    },
    "@types/prop-types": {
      "version": "15.7.3",
      "resolved": "https://registry.npmjs.org/@types/prop-types/-/prop-types-15.7.3.tgz",
      "integrity": "sha512-KfRL3PuHmqQLOG+2tGpRO26Ctg+Cq1E01D2DMriKEATHgWLfeNDmq9e29Q9WIky0dQ3NPkd1mzYH8Lm936Z9qw=="
    },
    "@types/react": {
      "version": "16.9.3",
      "resolved": "https://registry.npmjs.org/@types/react/-/react-16.9.3.tgz",
      "integrity": "sha512-Ogb2nSn+2qQv5opoCv7Ls5yFxtyrdUYxp5G+SWTrlGk7dmFKw331GiezCgEZj9U7QeXJi1CDtws9pdXU1zUL4g==",
      "requires": {
        "@types/prop-types": "15.7.3",
        "csstype": "2.6.6"
      }
    },
    "@types/react-alice-carousel": {
      "version": "1.15.2",
      "resolved": "https://registry.npmjs.org/@types/react-alice-carousel/-/react-alice-carousel-1.15.2.tgz",
      "integrity": "sha512-QJYrw0V6kDZda2q/1pkfXxTZjvEIhXImERCErkI+fTtY1fbrG8MCHD8ApAWDCR2lQZ6vQaeYN/9BV1jM6FFxEw==",
      "requires": {
        "@types/react": "16.9.3"
      }
    },
    "csstype": {
      "version": "2.6.6",
      "resolved": "https://registry.npmjs.org/csstype/-/csstype-2.6.6.tgz",
      "integrity": "sha512-RpFbQGUE74iyPgvr46U9t1xoQBM8T4BL8SxrN66Le2xYAPSaDJJKeztV3awugusb3g3G9iL8StmkBBXhcbbXhg=="
    },
    "detect-passive-events": {
      "version": "1.0.4",
      "resolved": "https://registry.npmjs.org/detect-passive-events/-/detect-passive-events-1.0.4.tgz",
      "integrity": "sha1-btR35uW863kHlzXc01d4nTf5qRo="
    },
    "dompurify": {
      "version": "2.0.3",
      "resolved": "https://registry.npmjs.org/dompurify/-/dompurify-2.0.3.tgz",
      "integrity": "sha512-q006uOkD2JGSJgF0qBt7rVhUvUPBWCxpGayALmHvXx2iNlMfNVz7PDGeXEUjNGgIDjADz59VZCv6UE3U8XRWVw=="
    },
    "js-tokens": {
      "version": "4.0.0",
      "resolved": "https://registry.npmjs.org/js-tokens/-/js-tokens-4.0.0.tgz",
      "integrity": "sha512-RdJUflcE3cUzKiMqQgsCu06FPu9UdIJO0beYbPhHN4k6apgJtifcoCtT9bcxOpYBtpD2kCM6Sbzg4CausW/PKQ=="
    },
    "loose-envify": {
      "version": "1.4.0",
      "resolved": "https://registry.npmjs.org/loose-envify/-/loose-envify-1.4.0.tgz",
      "integrity": "sha512-lyuxPGr/Wfhrlem2CL/UcnUc1zcqKAImBDzukY7Y5F/yQiNdko6+fRLevlw1HgMySw7f611UIY408EtxRSoK3Q==",
      "requires": {
        "js-tokens": "4.0.0"
      }
    },
    "object-assign": {
      "version": "4.1.1",
      "resolved": "https://registry.npmjs.org/object-assign/-/object-assign-4.1.1.tgz",
      "integrity": "sha1-IQmtx5ZYh8/AXLvUQsrIv7s2CGM="
    },
    "prop-types": {
      "version": "15.7.2",
      "resolved": "https://registry.npmjs.org/prop-types/-/prop-types-15.7.2.tgz",
      "integrity": "sha512-8QQikdH7//R2vurIJSutZ1smHYTcLpRWEOlHnzcWHmBYrOGUysKwSsrC89BCiFj3CbrfJ/nXFdJepOVrY1GCHQ==",
      "requires": {
        "loose-envify": "1.4.0",
        "object-assign": "4.1.1",
        "react-is": "16.10.1"
      }
    },
    "react-alice-carousel": {
      "version": "1.15.3",
      "resolved": "https://registry.npmjs.org/react-alice-carousel/-/react-alice-carousel-1.15.3.tgz",
      "integrity": "sha512-DNo03cOevuc5UJI3DZ00iRAAmxlgCG2qgBe73aIf1NzVpTyt8dmITRL58JfIr/iU/DhQgl7jszNDkJWnrJu4MQ==",
      "requires": {
        "prop-types": "15.7.2",
        "react-swipeable": "4.3.0"
      }
    },
    "react-is": {
      "version": "16.10.1",
      "resolved": "https://registry.npmjs.org/react-is/-/react-is-16.10.1.tgz",
      "integrity": "sha512-BXUMf9sIOPXXZWqr7+c5SeOKJykyVr2u0UDzEf4LNGc6taGkQe1A9DFD07umCIXz45RLr9oAAwZbAJ0Pkknfaw=="
    },
    "react-swipeable": {
      "version": "4.3.0",
      "resolved": "https://registry.npmjs.org/react-swipeable/-/react-swipeable-4.3.0.tgz",
      "integrity": "sha512-L21VMbcDvG+AOVF4ZIbQ8sICGIgiKB/plGKWBMw6dkxt5neS7x74ZlTbJ39U8slz798MZBv/uIoE9Vzgp3PODQ==",
      "requires": {
        "detect-passive-events": "1.0.4",
        "prop-types": "15.7.2"
      }
    }
  }
}
